version: 1.0
shards:
  exception_page:
    github: crystal-loot/exception_page
    version: 0.1.2

  faker:
    github: askn/faker
    version: 0.4.0

  inotify:
    github: petoem/inotify.cr
    version: 1.0.1

  kemal:
    github: kemalcr/kemal
    version: 0.26.1

  kilt:
    github: jeromegn/kilt
    version: 0.4.0

  radix:
    github: luislavena/radix
    version: 0.3.9

  timecop:
    github: waterlink/timecop.cr
    version: 0.2.1

